
Microsoft Visual Studio Solution File, Format Version 12.00
# Visual Studio 15
VisualStudioVersion = 15.0.27130.2024
MinimumVisualStudioVersion = 10.0.40219.1
Project("{FAE04EC0-301F-11D3-BF4B-00C04F79EFBC}") = "Exercise1b", "Exercise1b\Exercise1b.csproj", "{04ACE418-C883-4CC3-91A7-9EFB812D3933}"
EndProject
Global
	GlobalSection(SolutionConfigurationPlatforms) = preSolution
		Debug|Any CPU = Debug|Any CPU
		Release|Any CPU = Release|Any CPU
	EndGlobalSection
	GlobalSection(ProjectConfigurationPlatforms) = postSolution
		{04ACE418-C883-4CC3-91A7-9EFB812D3933}.Debug|Any CPU.ActiveCfg = Debug|Any CPU
		{04ACE418-C883-4CC3-91A7-9EFB812D3933}.Debug|Any CPU.Build.0 = Debug|Any CPU
		{04ACE418-C883-4CC3-91A7-9EFB812D3933}.Release|Any CPU.ActiveCfg = Release|Any CPU
		{04ACE418-C883-4CC3-91A7-9EFB812D3933}.Release|Any CPU.Build.0 = Release|Any CPU
	EndGlobalSection
	GlobalSection(SolutionProperties) = preSolution
		HideSolutionNode = FALSE
	EndGlobalSection
	GlobalSection(ExtensibilityGlobals) = postSolution
		SolutionGuid = {E0BFA876-F4CB-47FD-95D5-9D8E2F1DCE3D}
	EndGlobalSection
EndGlobal
